
Microsoft Visual Studio Solution File, Format Version 12.00
# Visual Studio Version 17
VisualStudioVersion = 17.8.34112.27
MinimumVisualStudioVersion = 10.0.40219.1
Project("{9A19103F-16F7-4668-BE54-9A1E7A4F7556}") = "CompanyEmployees", "CompanyEmployees\CompanyEmployees.csproj", "{7DEABF1E-0748-497A-A337-7F1B8131E555}"
EndProject
Project("{2150E333-8FDC-42A3-9474-1A3956D46DE8}") = "Solution Items", "Solution Items", "{93AB70B3-A88D-4374-823A-6F49DA42C801}"
	ProjectSection(SolutionItems) = preProject
		info.txt = info.txt
	EndProjectSection
EndProject
Project("{9A19103F-16F7-4668-BE54-9A1E7A4F7556}") = "Contracts", "Contracts\Contracts.csproj", "{5C4AECA7-39AB-40AF-87B0-223B2CB2A555}"
EndProject
Project("{9A19103F-16F7-4668-BE54-9A1E7A4F7556}") = "LoggerService", "LoggerService\LoggerService.csproj", "{8302A80F-3078-4461-885A-7F031ED0DB40}"
EndProject
Project("{9A19103F-16F7-4668-BE54-9A1E7A4F7556}") = "Entities", "Entities\Entities.csproj", "{84D6EAA6-8BAC-426A-8074-6EC1A3E4644F}"
EndProject
Project("{9A19103F-16F7-4668-BE54-9A1E7A4F7556}") = "Repository", "Repository\Repository.csproj", "{D340931F-7711-4749-8A61-D1795DB7D8C0}"
EndProject
Project("{9A19103F-16F7-4668-BE54-9A1E7A4F7556}") = "Service.Contracts", "Service.Contracts\Service.Contracts.csproj", "{18178E81-9C10-4691-914C-964F8CD1054C}"
EndProject
Project("{9A19103F-16F7-4668-BE54-9A1E7A4F7556}") = "Service", "Service\Service.csproj", "{0C08BF33-C420-4D06-8048-73F1AD0E0FA0}"
EndProject
Project("{9A19103F-16F7-4668-BE54-9A1E7A4F7556}") = "CompanyEmployees.Presentation", "CompanyEmployees.Presentation\CompanyEmployees.Presentation.csproj", "{709C9AD2-D456-4E02-82DE-453C9DC4C14D}"
EndProject
Project("{9A19103F-16F7-4668-BE54-9A1E7A4F7556}") = "Shared", "Shared\Shared.csproj", "{B4C445C2-FD59-4601-8986-3FB6BE7BC57B}"
EndProject
Global
	GlobalSection(SolutionConfigurationPlatforms) = preSolution
		Debug|Any CPU = Debug|Any CPU
		Release|Any CPU = Release|Any CPU
	EndGlobalSection
	GlobalSection(ProjectConfigurationPlatforms) = postSolution
		{7DEABF1E-0748-497A-A337-7F1B8131E555}.Debug|Any CPU.ActiveCfg = Debug|Any CPU
		{7DEABF1E-0748-497A-A337-7F1B8131E555}.Debug|Any CPU.Build.0 = Debug|Any CPU
		{7DEABF1E-0748-497A-A337-7F1B8131E555}.Release|Any CPU.ActiveCfg = Release|Any CPU
		{7DEABF1E-0748-497A-A337-7F1B8131E555}.Release|Any CPU.Build.0 = Release|Any CPU
		{5C4AECA7-39AB-40AF-87B0-223B2CB2A555}.Debug|Any CPU.ActiveCfg = Debug|Any CPU
		{5C4AECA7-39AB-40AF-87B0-223B2CB2A555}.Debug|Any CPU.Build.0 = Debug|Any CPU
		{5C4AECA7-39AB-40AF-87B0-223B2CB2A555}.Release|Any CPU.ActiveCfg = Release|Any CPU
		{5C4AECA7-39AB-40AF-87B0-223B2CB2A555}.Release|Any CPU.Build.0 = Release|Any CPU
		{8302A80F-3078-4461-885A-7F031ED0DB40}.Debug|Any CPU.ActiveCfg = Debug|Any CPU
		{8302A80F-3078-4461-885A-7F031ED0DB40}.Debug|Any CPU.Build.0 = Debug|Any CPU
		{8302A80F-3078-4461-885A-7F031ED0DB40}.Release|Any CPU.ActiveCfg = Release|Any CPU
		{8302A80F-3078-4461-885A-7F031ED0DB40}.Release|Any CPU.Build.0 = Release|Any CPU
		{84D6EAA6-8BAC-426A-8074-6EC1A3E4644F}.Debug|Any CPU.ActiveCfg = Debug|Any CPU
		{84D6EAA6-8BAC-426A-8074-6EC1A3E4644F}.Debug|Any CPU.Build.0 = Debug|Any CPU
		{84D6EAA6-8BAC-426A-8074-6EC1A3E4644F}.Release|Any CPU.ActiveCfg = Release|Any CPU
		{84D6EAA6-8BAC-426A-8074-6EC1A3E4644F}.Release|Any CPU.Build.0 = Release|Any CPU
		{D340931F-7711-4749-8A61-D1795DB7D8C0}.Debug|Any CPU.ActiveCfg = Debug|Any CPU
		{D340931F-7711-4749-8A61-D1795DB7D8C0}.Debug|Any CPU.Build.0 = Debug|Any CPU
		{D340931F-7711-4749-8A61-D1795DB7D8C0}.Release|Any CPU.ActiveCfg = Release|Any CPU
		{D340931F-7711-4749-8A61-D1795DB7D8C0}.Release|Any CPU.Build.0 = Release|Any CPU
		{18178E81-9C10-4691-914C-964F8CD1054C}.Debug|Any CPU.ActiveCfg = Debug|Any CPU
		{18178E81-9C10-4691-914C-964F8CD1054C}.Debug|Any CPU.Build.0 = Debug|Any CPU
		{18178E81-9C10-4691-914C-964F8CD1054C}.Release|Any CPU.ActiveCfg = Release|Any CPU
		{18178E81-9C10-4691-914C-964F8CD1054C}.Release|Any CPU.Build.0 = Release|Any CPU
		{0C08BF33-C420-4D06-8048-73F1AD0E0FA0}.Debug|Any CPU.ActiveCfg = Debug|Any CPU
		{0C08BF33-C420-4D06-8048-73F1AD0E0FA0}.Debug|Any CPU.Build.0 = Debug|Any CPU
		{0C08BF33-C420-4D06-8048-73F1AD0E0FA0}.Release|Any CPU.ActiveCfg = Release|Any CPU
		{0C08BF33-C420-4D06-8048-73F1AD0E0FA0}.Release|Any CPU.Build.0 = Release|Any CPU
		{709C9AD2-D456-4E02-82DE-453C9DC4C14D}.Debug|Any CPU.ActiveCfg = Debug|Any CPU
		{709C9AD2-D456-4E02-82DE-453C9DC4C14D}.Debug|Any CPU.Build.0 = Debug|Any CPU
		{709C9AD2-D456-4E02-82DE-453C9DC4C14D}.Release|Any CPU.ActiveCfg = Release|Any CPU
		{709C9AD2-D456-4E02-82DE-453C9DC4C14D}.Release|Any CPU.Build.0 = Release|Any CPU
		{B4C445C2-FD59-4601-8986-3FB6BE7BC57B}.Debug|Any CPU.ActiveCfg = Debug|Any CPU
		{B4C445C2-FD59-4601-8986-3FB6BE7BC57B}.Debug|Any CPU.Build.0 = Debug|Any CPU
		{B4C445C2-FD59-4601-8986-3FB6BE7BC57B}.Release|Any CPU.ActiveCfg = Release|Any CPU
		{B4C445C2-FD59-4601-8986-3FB6BE7BC57B}.Release|Any CPU.Build.0 = Release|Any CPU
	EndGlobalSection
	GlobalSection(SolutionProperties) = preSolution
		HideSolutionNode = FALSE
	EndGlobalSection
	GlobalSection(ExtensibilityGlobals) = postSolution
		SolutionGuid = {AA87B806-30F1-4CD8-90EC-EE848E2A004F}
	EndGlobalSection
EndGlobal
